
Microsoft Visual Studio Solution File, Format Version 12.00
Project("{FAE04EC0-301F-11D3-BF4B-00C04F79EFBC}") = "FirstApp", "FirstApp\FirstApp.csproj", "{CC42B4C7-A57E-42BD-BD90-DC05FD47DF40}"
EndProject
Global
	GlobalSection(SolutionConfigurationPlatforms) = preSolution
		Debug|Any CPU = Debug|Any CPU
		Release|Any CPU = Release|Any CPU
	EndGlobalSection
	GlobalSection(ProjectConfigurationPlatforms) = postSolution
		{CC42B4C7-A57E-42BD-BD90-DC05FD47DF40}.Debug|Any CPU.ActiveCfg = Debug|Any CPU
		{CC42B4C7-A57E-42BD-BD90-DC05FD47DF40}.Debug|Any CPU.Build.0 = Debug|Any CPU
		{CC42B4C7-A57E-42BD-BD90-DC05FD47DF40}.Release|Any CPU.ActiveCfg = Release|Any CPU
		{CC42B4C7-A57E-42BD-BD90-DC05FD47DF40}.Release|Any CPU.Build.0 = Release|Any CPU
	EndGlobalSection
EndGlobal
